
Microsoft Visual Studio Solution File, Format Version 12.00
# Visual Studio 15
VisualStudioVersion = 15.0.28307.645
MinimumVisualStudioVersion = 10.0.40219.1
Project("{FAE04EC0-301F-11D3-BF4B-00C04F79EFBC}") = "Listinha", "Listinha\Listinha.csproj", "{1C0CA0B9-70FE-45D9-94C0-8D681CECFC42}"
EndProject
Global
	GlobalSection(SolutionConfigurationPlatforms) = preSolution
		Debug|Any CPU = Debug|Any CPU
		Release|Any CPU = Release|Any CPU
	EndGlobalSection
	GlobalSection(ProjectConfigurationPlatforms) = postSolution
		{1C0CA0B9-70FE-45D9-94C0-8D681CECFC42}.Debug|Any CPU.ActiveCfg = Debug|Any CPU
		{1C0CA0B9-70FE-45D9-94C0-8D681CECFC42}.Debug|Any CPU.Build.0 = Debug|Any CPU
		{1C0CA0B9-70FE-45D9-94C0-8D681CECFC42}.Release|Any CPU.ActiveCfg = Release|Any CPU
		{1C0CA0B9-70FE-45D9-94C0-8D681CECFC42}.Release|Any CPU.Build.0 = Release|Any CPU
	EndGlobalSection
	GlobalSection(SolutionProperties) = preSolution
		HideSolutionNode = FALSE
	EndGlobalSection
	GlobalSection(ExtensibilityGlobals) = postSolution
		SolutionGuid = {00F7D792-1514-4439-8A02-8952CFA9CBCE}
	EndGlobalSection
EndGlobal
